# This file is automatically @generated by Poetry 1.7.1 and should not be changed by hand.

[[package]]
name = "prometheus-client"
version = "0.20.0"
description = "Python client for the Prometheus monitoring system."
optional = false
python-versions = ">=3.8"
files = [
    {file = "prometheus_client-0.20.0-py3-none-any.whl", hash = "sha256:cde524a85bce83ca359cc837f28b8c0db5cac7aa653a588fd7e84ba061c329e7"},
    {file = "prometheus_client-0.20.0.tar.gz", hash = "sha256:287629d00b147a32dcb2be0b9df905da599b2d82f80377083ec8463309a4bb89"},
]

[package.extras]
twisted = ["twisted"]

[metadata]
lock-version = "2.0"
python-versions = "^3.9"
content-hash = "905ec6ff0eda8bb5521a702168a95ac6f87bb049e7c5860f6bd7b5d1e8ebc491"
