# This file is automatically @generated by Poetry 2.1.1 and should not be changed by hand.

[[package]]
name = "prometheus-client"
version = "0.22.0"
description = "Python client for the Prometheus monitoring system."
optional = false
python-versions = ">=3.9"
groups = ["main"]
files = [
    {file = "prometheus_client-0.22.0-py3-none-any.whl", hash = "sha256:c8951bbe64e62b96cd8e8f5d917279d1b9b91ab766793f33d4dce6c228558713"},
    {file = "prometheus_client-0.22.0.tar.gz", hash = "sha256:18da1d2241ac2d10c8d2110f13eedcd5c7c0c8af18c926e8731f04fc10cd575c"},
]

[package.extras]
twisted = ["twisted"]

[metadata]
lock-version = "2.1"
python-versions = "^3.9"
content-hash = "6bc26934b42dcfab242054a4f382c23f03621f59deabfcecc653e946b9191aea"
