# This file is automatically @generated by Poetry 2.4.1 and should not be changed by hand.

[[package]]
name = "prometheus-client"
version = "0.26.0"
description = "Python client for the Prometheus monitoring system."
optional = false
python-versions = ">=3.9"
groups = ["main"]
files = [
    {file = "prometheus_client-0.26.0-py3-none-any.whl", hash = "sha256:fa93d06737aa02bacd05794768508bb97d2fbee28cb3bca04eaae92f0ca953d6"},
    {file = "prometheus_client-0.26.0.tar.gz", hash = "sha256:04a91bcf94e2cf74a44a1a874d651a2e853ed354b6e822f3b7487751465d5c2b"},
]

[package.extras]
aiohttp = ["aiohttp"]
django = ["django"]
twisted = ["twisted"]

[metadata]
lock-version = "2.1"
python-versions = "^3.9"
content-hash = "70db4fc4ecaa747cbb4d90743315b8a056a7b71b34368f1aba5f9014588c4ddd"
